# This file is generated by running "yarn install" inside your project.
# Manual changes might be lost - proceed with caution!

__metadata:
  version: 4
  cacheKey: 7

"ansi-regex@npm:^4.1.0":
  version: 4.1.0
  resolution: "ansi-regex@npm:4.1.0"
  checksum: 53b6fe447cf92ee59739379de637af6f86b3b8a9537fbfe36a66f946f1d9d34afc3efe664ac31bcc7c3af042d43eabcfcfd3f790316d474bbc7b19a4b1d132dd
  languageName: node
  linkType: hard

"ansi-styles@npm:^3.2.0, ansi-styles@npm:^3.2.1":
  version: 3.2.1
  resolution: "ansi-styles@npm:3.2.1"
  dependencies:
    color-convert: ^1.9.0
  checksum: 456e1c23d9277512a47718da75e7fbb0a5ee215ef893c2f76d6b3efe8fceabc861121b80b0362146f5f995d21a1633f05a19bbf6283ae66ac11dc3b9c0bed779
  languageName: node
  linkType: hard

"axios@npm:^0.20.0":
  version: 0.20.0
  resolution: "axios@npm:0.20.0"
  dependencies:
    follow-redirects: ^1.10.0
  checksum: 6cf2e963176a0d18fc457d7cb71cb6cf552193619b161fc61070d9a4db3a26a87ecfe760ba36e7af174c05a6a9898dc52cfeb5c0e62e19fddd9788739553ad73
  languageName: node
  linkType: hard

"camelcase@npm:^5.0.0":
  version: 5.3.1
  resolution: "camelcase@npm:5.3.1"
  checksum: 6a3350c4ea8ab6e5109e0b443cfaf43dc40abfad7b2d79dcafbbafbe9b6b4059b4365b17ad822e24cf08e6627c1ffb65a9651d05cef9fcc6f64b6a0c2f327feb
  languageName: node
  linkType: hard

"chalk@npm:^2.4.2":
  version: 2.4.2
  resolution: "chalk@npm:2.4.2"
  dependencies:
    ansi-styles: ^3.2.1
    escape-string-regexp: ^1.0.5
    supports-color: ^5.3.0
  checksum: 22c7b7b5bc761c882bb6516454a1a671923f1c53ff972860065aa0b28a195f230163c1d46ee88bcc7a03e5539177d896457d8bc727de7f244c6e87032743038e
  languageName: node
  linkType: hard

"cliui@npm:^5.0.0":
  version: 5.0.0
  resolution: "cliui@npm:5.0.0"
  dependencies:
    string-width: ^3.1.0
    strip-ansi: ^5.2.0
    wrap-ansi: ^5.1.0
  checksum: 25e61dc985279bd7ec16715df53288346e5c36ff43956f7de31bf55b2432ce1259e75148b28c3ed41265caf1baee1d204363c429ae5fee54e6f78bed5a5d82b3
  languageName: node
  linkType: hard

"color-convert@npm:^1.9.0":
  version: 1.9.3
  resolution: "color-convert@npm:1.9.3"
  dependencies:
    color-name: 1.1.3
  checksum: 5f244daa3d1fe1f216d48878c550465067d15268688308554e613b7640a068f96588096d51f0b98b68f15d6ff6bb8ad24e172582ac8c0ad43fa4d3da60fd1b79
  languageName: node
  linkType: hard

"color-name@npm:1.1.3":
  version: 1.1.3
  resolution: "color-name@npm:1.1.3"
  checksum: d8b91bb90aefc05b6ff568cf8889566dcc6269824df6f3c9b8ca842b18d7f4d089c07dc166808d33f22092d4a79167aa56a96a5ff0d21efab548bf44614db43b
  languageName: node
  linkType: hard

"concurrently@npm:^5.3.0":
  version: 5.3.0
  resolution: "concurrently@npm:5.3.0"
  dependencies:
    chalk: ^2.4.2
    date-fns: ^2.0.1
    lodash: ^4.17.15
    read-pkg: ^4.0.1
    rxjs: ^6.5.2
    spawn-command: ^0.0.2-1
    supports-color: ^6.1.0
    tree-kill: ^1.2.2
    yargs: ^13.3.0
  bin:
    concurrently: bin/concurrently.js
  checksum: c46bb460ea0fdf1a15232d84b6122e1ec56655043c154d2be70375ab6eafe04a9224d0da35af5bf190e09d85343bda7a670a886cc67e678fabc4996e9f41650f
  languageName: node
  linkType: hard

"date-fns@npm:^2.0.1":
  version: 2.15.0
  resolution: "date-fns@npm:2.15.0"
  checksum: 045c172823f361aa466338a2d2670629b2639ad33da22d5f4012d97e2726e92d8fc617a0d6c815a11086a0e6d2226192c2191c4d5c0d898c5a978794f21007cb
  languageName: node
  linkType: hard

"decamelize@npm:^1.2.0":
  version: 1.2.0
  resolution: "decamelize@npm:1.2.0"
  checksum: 8ca9d03ea8ac07920f4504e219d18edff2491bdd0a3e05a1e5ca2e9a0bf6333564231de3528b01d5e76c40a38c37bbc1e09cb5a0424714f53dd615ed78ced464
  languageName: node
  linkType: hard

"emoji-regex@npm:^7.0.1":
  version: 7.0.3
  resolution: "emoji-regex@npm:7.0.3"
  checksum: e3a504cf5242061d9b3c78a88ce787d6beee37a5d21287c6ccdddf1fe665d5ef3eddfdda663d0baf683df8e7d354210eeb1458a7d9afdf0d7a28d48cbb9975e1
  languageName: node
  linkType: hard

"error-ex@npm:^1.3.1":
  version: 1.3.2
  resolution: "error-ex@npm:1.3.2"
  dependencies:
    is-arrayish: ^0.2.1
  checksum: 6c6c9187429ae867d145bc64c682c7c137b1f8373a406dc3b605c0d92f15b85bfcea02b461dc55ae11b10d013377e1eaf3d469d2861b2f94703c743620a9c08c
  languageName: node
  linkType: hard

"escape-string-regexp@npm:^1.0.5":
  version: 1.0.5
  resolution: "escape-string-regexp@npm:1.0.5"
  checksum: f9484b8b4c8827d816e0fd905c25ed4b561376a9c220e1430403ea84619bf680c76a883a48cff8b8e091daf55d6a497e37479f9787b9f15f3c421b6054289744
  languageName: node
  linkType: hard

"find-up@npm:^3.0.0":
  version: 3.0.0
  resolution: "find-up@npm:3.0.0"
  dependencies:
    locate-path: ^3.0.0
  checksum: c5422fc7231820421cff6f6e3a5d00a11a79fd16625f2af779c6aedfbaad66764fd149c1b84017aa44e85f86395eb25c31188ad273fc468a981b529eaa59a424
  languageName: node
  linkType: hard

"follow-redirects@npm:^1.10.0":
  version: 1.13.0
  resolution: "follow-redirects@npm:1.13.0"
  checksum: f220828d3f153da30ea616fdbe9f6676e74e4e68c51d336a751037c1d556e2de34aa5918f58951fa19bb6517c9c88b4403a0a8bdfc40d3e779d37def2ac0f2c4
  languageName: node
  linkType: hard

"get-caller-file@npm:^2.0.1":
  version: 2.0.5
  resolution: "get-caller-file@npm:2.0.5"
  checksum: 9dd9e1e2591039ee4c38c897365b904f66f1e650a8c1cb7b7db8ce667fa63e88cc8b13282b74df9d93de481114b3304a0487880d31cd926dfda6efe71455855d
  languageName: node
  linkType: hard

"has-flag@npm:^3.0.0":
  version: 3.0.0
  resolution: "has-flag@npm:3.0.0"
  checksum: 63aade480d27aeedb3b5b63a2e069d47d0006bf182338d662e7941cdc024e68a28418e0efa8dc5df30db9c4ee2407f39e6ea3f16cfbc6b83848b450826a28aa0
  languageName: node
  linkType: hard

"hosted-git-info@npm:^2.1.4":
  version: 2.8.8
  resolution: "hosted-git-info@npm:2.8.8"
  checksum: 3ecc389dc6ecbd5463fada7e04461e96f3c817fe2f989ca41e9dd3b503745a0bfa26fba405861b2831ca64edc1abc5d2fbc97ee977303f89650dac4fbfdc2d7a
  languageName: node
  linkType: hard

"is-arrayish@npm:^0.2.1":
  version: 0.2.1
  resolution: "is-arrayish@npm:0.2.1"
  checksum: fc2bbe14dbcb27b490e63b7fbf0e3b0aae843e5e1fa96d79450bb9617797615a575c78c454ffc8e027c3ad50d63d83e85a7387784979dcd46686d2eb5f412db0
  languageName: node
  linkType: hard

"is-fullwidth-code-point@npm:^2.0.0":
  version: 2.0.0
  resolution: "is-fullwidth-code-point@npm:2.0.0"
  checksum: e1e5284f848ab6885665967cd768292a75022304d4401e78937a68f423047c29bfe87a43a9cdb67a3210fff7bcd5da51469122a0eff59b03261c379e58dbe921
  languageName: node
  linkType: hard

"json-parse-better-errors@npm:^1.0.1":
  version: 1.0.2
  resolution: "json-parse-better-errors@npm:1.0.2"
  checksum: b4c4f0e43b43892af887db742b26f9aa6302b09cd5f6e655ead49fca9f47f3cdd300dcf98cf5218778262be51d7b29859221206fc98b87a1a61c5af7618dae89
  languageName: node
  linkType: hard

"locate-path@npm:^3.0.0":
  version: 3.0.0
  resolution: "locate-path@npm:3.0.0"
  dependencies:
    p-locate: ^3.0.0
    path-exists: ^3.0.0
  checksum: 0b6bf0c1bb09021499f6198ed6a4ae367e8224e2493a74cc7bc5f4e6eca9ed880a5f7fdfb4d57b7e21d3e289c3abfe152cd510cacb1d03049f9d81d9a7d302ca
  languageName: node
  linkType: hard

"lodash@npm:^4.17.15":
  version: 4.17.20
  resolution: "lodash@npm:4.17.20"
  checksum: c62101d2500c383b5f174a7e9e6fe8098149ddd6e9ccfa85f36d4789446195f5c4afd3cfba433026bcaf3da271256566b04a2bf2618e5a39f6e67f8c12030cb6
  languageName: node
  linkType: hard

"normalize-package-data@npm:^2.3.2":
  version: 2.5.0
  resolution: "normalize-package-data@npm:2.5.0"
  dependencies:
    hosted-git-info: ^2.1.4
    resolve: ^1.10.0
    semver: 2 || 3 || 4 || 5
    validate-npm-package-license: ^3.0.1
  checksum: 97d4d6b061cab51425ddb05c38d126d7a1a2a6f2c9949bef2b5ad7ef19c005df12099ea442e4cb09190929b7770008f94f87b10342a66f739acf92a7ebb9d9f2
  languageName: node
  linkType: hard

"notice-board@workspace:.":
  version: 0.0.0-use.local
  resolution: "notice-board@workspace:."
  dependencies:
    axios: ^0.20.0
    concurrently: ^5.3.0
  languageName: unknown
  linkType: soft

"p-limit@npm:^2.0.0":
  version: 2.3.0
  resolution: "p-limit@npm:2.3.0"
  dependencies:
    p-try: ^2.0.0
  checksum: 5f20492a25c5f93fca2930dbbf41fa1bee46ef70eaa6b49ad1f7b963f309e599bc40507e0a3a531eee4bcd10fec4dd4a63291d0e3b2d84ac97d7403d43d271a9
  languageName: node
  linkType: hard

"p-locate@npm:^3.0.0":
  version: 3.0.0
  resolution: "p-locate@npm:3.0.0"
  dependencies:
    p-limit: ^2.0.0
  checksum: 3ee9e3ed0b1b543f8148ef0981d33013d82a21c338b117a2d15650456f8dc888c19eb8a98484e7e159276c3ad9219c3e2a00b63228cab46bf29aeaaae096b1d6
  languageName: node
  linkType: hard

"p-try@npm:^2.0.0":
  version: 2.2.0
  resolution: "p-try@npm:2.2.0"
  checksum: 20983f3765466c1ab617ed153cb53b70ac5df828d854a3334d185e20b37f436e9096f12bc1b7fc96d8908dc927a3685172d3d89e755774f57b7103460c54dcc5
  languageName: node
  linkType: hard

"parse-json@npm:^4.0.0":
  version: 4.0.0
  resolution: "parse-json@npm:4.0.0"
  dependencies:
    error-ex: ^1.3.1
    json-parse-better-errors: ^1.0.1
  checksum: fa9d23708f562c447f2077c6007938334a16e772c5a9b25a6eb1853d792bc34560b483bb6079143040bc89e5476288dd2edd5a60024722986e3e434d326218c9
  languageName: node
  linkType: hard

"path-exists@npm:^3.0.0":
  version: 3.0.0
  resolution: "path-exists@npm:3.0.0"
  checksum: 09683e92bafb5657838217cce04e4f2f0530c274bc357c995c3231461030566e9f322b9a8bcc1ea810996e250d9a293ca36dd78dbdd6bfbee42e85a94772d6d5
  languageName: node
  linkType: hard

"path-parse@npm:^1.0.6":
  version: 1.0.6
  resolution: "path-parse@npm:1.0.6"
  checksum: 2eee4b93fb3ae13600e3fca18390d9933bbbcf725a624f6b8df020d87515a74872ff6c58072190d6dc75a5584a683dc6ae5c385ad4e4f4efb6e66af040d56c67
  languageName: node
  linkType: hard

"pify@npm:^3.0.0":
  version: 3.0.0
  resolution: "pify@npm:3.0.0"
  checksum: 18af2b29148c4d6fd4c7741dbd953ff76beea17d1b4a6d5792d7ff1d7202f43671c3f29313aa5ec01a66d050dbdbb0cf23f17de69531da8dc8bda42d327cf960
  languageName: node
  linkType: hard

"read-pkg@npm:^4.0.1":
  version: 4.0.1
  resolution: "read-pkg@npm:4.0.1"
  dependencies:
    normalize-package-data: ^2.3.2
    parse-json: ^4.0.0
    pify: ^3.0.0
  checksum: cc1ed67240e0f8c51e11ab3dbe17041ceae75427925babf816812e437d0adfbe2c8449142a41feaed81a5c2572a986e27be2fa093dab8b3f2eb29951ca24f8d2
  languageName: node
  linkType: hard

"require-directory@npm:^2.1.1":
  version: 2.1.1
  resolution: "require-directory@npm:2.1.1"
  checksum: f495d02d89c385af2df4b26f0216ece091e99710d358d0ede424126c476d0c639e8bd77dcd237c00a6a5658f3d862e7513164f8c280263052667d06df830eb23
  languageName: node
  linkType: hard

"require-main-filename@npm:^2.0.0":
  version: 2.0.0
  resolution: "require-main-filename@npm:2.0.0"
  checksum: 8d3633149a7fef67d14613146247137fe1dc4cc969bf2d1adcd40e3c28056de503229f41e78cba5efebad3a223cbfb4215fd220d879148df10c6d9a877099dbd
  languageName: node
  linkType: hard

resolve@^1.10.0:
  version: 1.17.0
  resolution: "resolve@npm:1.17.0"
  dependencies:
    path-parse: ^1.0.6
  checksum: 5e3cdb8cf68c20b0c5edeb6505e7fab20c6776af0cae4b978836e557420aef7bb50acd25339bbb143b7f80533aa1988c7e827a0061aee9c237926a7d2c41f8d0
  languageName: node
  linkType: hard

"resolve@patch:resolve@^1.10.0#builtin<compat/resolve>":
  version: 1.17.0
  resolution: "resolve@patch:resolve@npm%3A1.17.0#builtin<compat/resolve>::version=1.17.0&hash=3388aa"
  dependencies:
    path-parse: ^1.0.6
  checksum: 4bcfb568860d0c361fd16c26b6fce429711138ff0de7dd353bdd73fcb5c7eede2f4602d40ccfa08ff45ec7ef9830845eab2021a46036af0a6e5b58bab1ff6399
  languageName: node
  linkType: hard

"rxjs@npm:^6.5.2":
  version: 6.6.2
  resolution: "rxjs@npm:6.6.2"
  dependencies:
    tslib: ^1.9.0
  checksum: 9b16cd36093b87ce454726f14783e204b80431e6657d36191877e4d9d4b0713c73e5ee8b45be336b081d47b10cd016b3812ea3bd4b27bf87942b1410aa18ee04
  languageName: node
  linkType: hard

"semver@npm:2 || 3 || 4 || 5":
  version: 5.7.1
  resolution: "semver@npm:5.7.1"
  bin:
    semver: ./bin/semver
  checksum: 06ff0ed753ebf741b7602be8faad620d6e160a2cb3f61019d00d919c8bca141638aa23c34da779b8595afdc9faa3678bfbb5f60366b6a4f65f98cf86605bbcdb
  languageName: node
  linkType: hard

"set-blocking@npm:^2.0.0":
  version: 2.0.0
  resolution: "set-blocking@npm:2.0.0"
  checksum: 0ac2403b0c2d39bf452f6d5d17dfd3cb952b9113098e1231cc0614c436e2f465637e39d27cf3b93556f5c59795e9790fd7e98da784c5f9919edeba4295ffeb29
  languageName: node
  linkType: hard

"spawn-command@npm:^0.0.2-1":
  version: 0.0.2-1
  resolution: "spawn-command@npm:0.0.2-1"
  checksum: 9e039aadec9c3ca3a1469827664f2e223711dc2fd7fe01458e4b1bdc2ca710fe87d1b1dae8f6798380211fffe9a1619dedf12d983abe57554148395a9e2062a5
  languageName: node
  linkType: hard

"spdx-correct@npm:^3.0.0":
  version: 3.1.1
  resolution: "spdx-correct@npm:3.1.1"
  dependencies:
    spdx-expression-parse: ^3.0.0
    spdx-license-ids: ^3.0.0
  checksum: f3413eb225ef9f13aa2ec05230ff7669bffad055a7f62ec85164dd27f00a9f1e19880554a8fa5350fc434764ff895836c207f98813511a0180b0e929581bfe01
  languageName: node
  linkType: hard

"spdx-exceptions@npm:^2.1.0":
  version: 2.3.0
  resolution: "spdx-exceptions@npm:2.3.0"
  checksum: 3cbd2498897dc384158666a9dd7435e3b42ece5da42fd967b218b790e248381d001ec77a676d13d1f4e8da317d97b7bc0ebf4fff37bfbb95923d49b024030c96
  languageName: node
  linkType: hard

"spdx-expression-parse@npm:^3.0.0":
  version: 3.0.1
  resolution: "spdx-expression-parse@npm:3.0.1"
  dependencies:
    spdx-exceptions: ^2.1.0
    spdx-license-ids: ^3.0.0
  checksum: f0211cada3fa7cd9db2243143fb0e66e28a46d72d8268f38ad2196aac49408d87892cda6e5600d43d6b05ed2707cb2f4148deb27b092aafabc50a67038f4cbf5
  languageName: node
  linkType: hard

"spdx-license-ids@npm:^3.0.0":
  version: 3.0.5
  resolution: "spdx-license-ids@npm:3.0.5"
  checksum: 4ff7c0615a3c69a195b206a425e6a633ccb24e680ac21f5464b249b57ebb5c3f356f84a8e713599758be69ee4a849319d7fce7041b69e29acd9d31daed3fb8eb
  languageName: node
  linkType: hard

"string-width@npm:^3.0.0, string-width@npm:^3.1.0":
  version: 3.1.0
  resolution: "string-width@npm:3.1.0"
  dependencies:
    emoji-regex: ^7.0.1
    is-fullwidth-code-point: ^2.0.0
    strip-ansi: ^5.1.0
  checksum: 54c5d1842dc122d8e0251ad50e00e91c06368f1aca44f41a67cd5ce013c4ba8f5a26f1b7f72a3e1644f38c62092a82c86b646aff514073894faf84b9564a38a0
  languageName: node
  linkType: hard

"strip-ansi@npm:^5.0.0, strip-ansi@npm:^5.1.0, strip-ansi@npm:^5.2.0":
  version: 5.2.0
  resolution: "strip-ansi@npm:5.2.0"
  dependencies:
    ansi-regex: ^4.1.0
  checksum: 44a0d0d354f5f7b15f83323879a9112ea746daae7bef0b68238a27626ee757d9a04ce6590433841e14b325e8e7c5d62b8442885e50497e21b7cbca6da40d54ea
  languageName: node
  linkType: hard

"supports-color@npm:^5.3.0":
  version: 5.5.0
  resolution: "supports-color@npm:5.5.0"
  dependencies:
    has-flag: ^3.0.0
  checksum: edacee6425498440744c418be94b0660181aad2a1828bcf2be85c42bd385da2fd8b2b358d9b62b0c5b03ff5cd3e992458d7b8f879d9fb42f2201fe05a4848a29
  languageName: node
  linkType: hard

"supports-color@npm:^6.1.0":
  version: 6.1.0
  resolution: "supports-color@npm:6.1.0"
  dependencies:
    has-flag: ^3.0.0
  checksum: 86821571295ad9f808d5e0149f13c2b0ca6faaf1325c427b369e6f4b2b1e4759046b7a4ea0e3c3c7f2546035fa2fb0d6a90f31c6c4f751eaedbcdc1b983a08cc
  languageName: node
  linkType: hard

"tree-kill@npm:^1.2.2":
  version: 1.2.2
  resolution: "tree-kill@npm:1.2.2"
  bin:
    tree-kill: cli.js
  checksum: 967643efa4a231868232ea9d046c3ba7494ea6061fbb1e661c699b43ca0f0a14dad0782a631d915959d562830035166bab80ed726f9fe33b838af8a7516624ed
  languageName: node
  linkType: hard

"tslib@npm:^1.9.0":
  version: 1.13.0
  resolution: "tslib@npm:1.13.0"
  checksum: 5dc3bdaea3b67c76ef4a14c28fcb2171da7bcf292fd9c59a260098729626b1ce766c52b588f08e324ed9a0c52ea8a93a815920f980d75981abc9d850fbf310fb
  languageName: node
  linkType: hard

"validate-npm-package-license@npm:^3.0.1":
  version: 3.0.4
  resolution: "validate-npm-package-license@npm:3.0.4"
  dependencies:
    spdx-correct: ^3.0.0
    spdx-expression-parse: ^3.0.0
  checksum: 940899bd4eacfa012ceecb10a5814ba0e8103da5243aa74d0d62f1f8a405efcd23e034fb7193e2d05b392870c53aabcb1f66439b062075cdcb28bc5d562a8ff6
  languageName: node
  linkType: hard

"which-module@npm:^2.0.0":
  version: 2.0.0
  resolution: "which-module@npm:2.0.0"
  checksum: 3d2107ab18c3c2a0ffa4f1a2a0a8862d0bb3fd5c72b10df9cbd75a15b496533bf4c4dc6fa65cefba6fdb8af7935ffb939ef4c8f2eb7835b03d1b93680e9101e9
  languageName: node
  linkType: hard

"wrap-ansi@npm:^5.1.0":
  version: 5.1.0
  resolution: "wrap-ansi@npm:5.1.0"
  dependencies:
    ansi-styles: ^3.2.0
    string-width: ^3.0.0
    strip-ansi: ^5.0.0
  checksum: 9622c3aa2742645e9a6941d297436a433c65ffe1b1416578ad56e0df657716bda6857401c5c9cc485c0abbc04e852aafedf295d87e2d6ec58a01799d6bcb2fdf
  languageName: node
  linkType: hard

"y18n@npm:^4.0.0":
  version: 4.0.0
  resolution: "y18n@npm:4.0.0"
  checksum: 5b7434c95d31ffa2b9b97df98e2d786446a0ff21c30e0265088caa4818a3335559a425763e55b6d9370d9fcecb75a36ae5bb901184676bd255f96ee3c743f667
  languageName: node
  linkType: hard

"yargs-parser@npm:^13.1.2":
  version: 13.1.2
  resolution: "yargs-parser@npm:13.1.2"
  dependencies:
    camelcase: ^5.0.0
    decamelize: ^1.2.0
  checksum: 82d3b7ab99085d70a5121399ad407d2b98d296538bf7012ac2ce044a61160ca891ea617de6374699d81955d9a61c36a3b2a6a51588e38f710bd211ce2e63c33c
  languageName: node
  linkType: hard

"yargs@npm:^13.3.0":
  version: 13.3.2
  resolution: "yargs@npm:13.3.2"
  dependencies:
    cliui: ^5.0.0
    find-up: ^3.0.0
    get-caller-file: ^2.0.1
    require-directory: ^2.1.1
    require-main-filename: ^2.0.0
    set-blocking: ^2.0.0
    string-width: ^3.0.0
    which-module: ^2.0.0
    y18n: ^4.0.0
    yargs-parser: ^13.1.2
  checksum: 92c612cd14a9217d7421ae4f42bc7c460472633bfc2e45f7f86cd614a61a845670d3bac7c2228c39df7fcecce0b8c12b2af65c785b1f757de974dcf84b5074f9
  languageName: node
  linkType: hard
